
Microsoft Visual Studio Solution File, Format Version 12.00
# Visual Studio Version 17
VisualStudioVersion = 17.0.31903.59
MinimumVisualStudioVersion = 10.0.40219.1
Project("{2150E333-8FDC-42A3-9474-1A3956D46DE8}") = "src", "src", "{827E0CD3-B72D-47B6-A68D-7590B98EB39B}"
EndProject
Project("{FAE04EC0-301F-11D3-BF4B-00C04F79EFBC}") = "AgentInterview.Cli", "src\AgentInterview.Cli\AgentInterview.Cli.csproj", "{B93BD516-0131-44A5-B672-014AFF4A1CA6}"
EndProject
Project("{2150E333-8FDC-42A3-9474-1A3956D46DE8}") = "tests", "tests", "{0AB3BF05-4346-4AA6-1389-037BE0695223}"
EndProject
Project("{FAE04EC0-301F-11D3-BF4B-00C04F79EFBC}") = "AgentInterview.Runner.Tests", "tests\AgentInterview.Runner.Tests\AgentInterview.Runner.Tests.csproj", "{23208BB1-3EAE-42A3-8F86-242D31979D6C}"
EndProject
Project("{FAE04EC0-301F-11D3-BF4B-00C04F79EFBC}") = "AgentInterview.Core", "src\AgentInterview.Core\AgentInterview.Core.csproj", "{32E25A53-C904-42A3-909C-913CAC476011}"
EndProject
Project("{FAE04EC0-301F-11D3-BF4B-00C04F79EFBC}") = "AgentInterview.Runner", "src\AgentInterview.Runner\AgentInterview.Runner.csproj", "{9BCADE83-8247-4250-9988-8E727F1CD9F0}"
EndProject
Project("{FAE04EC0-301F-11D3-BF4B-00C04F79EFBC}") = "AgentInterview.Reporting", "src\AgentInterview.Reporting\AgentInterview.Reporting.csproj", "{641D937E-A12D-41A6-BEA8-D323CAEF5D61}"
EndProject
Project("{FAE04EC0-301F-11D3-BF4B-00C04F79EFBC}") = "AgentInterview.Core.Tests", "tests\AgentInterview.Core.Tests\AgentInterview.Core.Tests.csproj", "{5436AB15-D0E5-4F84-9D38-48582FF2DED0}"
EndProject
Project("{FAE04EC0-301F-11D3-BF4B-00C04F79EFBC}") = "AgentInterview.IntegrationTests", "tests\AgentInterview.IntegrationTests\AgentInterview.IntegrationTests.csproj", "{AE18E4D1-BC47-4F2B-BF71-DFFE2CD15293}"
EndProject
Project("{FAE04EC0-301F-11D3-BF4B-00C04F79EFBC}") = "AgentInterview.GraderFixture", "tests\AgentInterview.GraderFixture\AgentInterview.GraderFixture.csproj", "{9350F0D4-C562-48EA-BA14-F23FD9BFFB47}"
EndProject
Project("{2150E333-8FDC-42A3-9474-1A3956D46DE8}") = "interviews", "interviews", "{3F6F3E9A-C37E-CB8C-CB9C-48CD293480E5}"
EndProject
Project("{2150E333-8FDC-42A3-9474-1A3956D46DE8}") = "coding", "coding", "{7675AA8B-4791-E61D-500E-B34D0B9EFAB0}"
EndProject
Project("{2150E333-8FDC-42A3-9474-1A3956D46DE8}") = "calculator-api", "calculator-api", "{C752A34D-85C1-50C3-7CD1-7E9529694D7F}"
EndProject
Project("{2150E333-8FDC-42A3-9474-1A3956D46DE8}") = "v1", "v1", "{EC7205A9-7555-9FF1-98F2-9D8E6029C041}"
EndProject
Project("{2150E333-8FDC-42A3-9474-1A3956D46DE8}") = "grader", "grader", "{A77EBDC3-7E6B-EB90-EFD9-CDA5F7C89979}"
EndProject
Project("{FAE04EC0-301F-11D3-BF4B-00C04F79EFBC}") = "AgentInterview.Grader", "interviews\coding\calculator-api\v1\grader\AgentInterview.Grader.csproj", "{BDD8146F-6971-4A63-927F-AD1DF851B744}"
EndProject
Project("{2150E333-8FDC-42A3-9474-1A3956D46DE8}") = "starter", "starter", "{D4E99C36-96FB-1BFB-80C5-5E6E12FBC2ED}"
EndProject
Project("{FAE04EC0-301F-11D3-BF4B-00C04F79EFBC}") = "CalculatorApi", "interviews\coding\calculator-api\v1\starter\CalculatorApi.csproj", "{B4F48D90-C097-4BAC-B5D3-9EBD39E8218F}"
EndProject
Project("{2150E333-8FDC-42A3-9474-1A3956D46DE8}") = "architecture", "architecture", "{4D0A32A7-F9F8-DE75-22B8-0DE14A33F49E}"
EndProject
Project("{2150E333-8FDC-42A3-9474-1A3956D46DE8}") = "event-ingestion-design", "event-ingestion-design", "{EE73B45E-54E9-13AB-AC88-6A8F9AF86C92}"
EndProject
Project("{2150E333-8FDC-42A3-9474-1A3956D46DE8}") = "v1", "v1", "{5A27BD6D-A35A-BA29-7B4E-B3B916C48872}"
EndProject
Project("{2150E333-8FDC-42A3-9474-1A3956D46DE8}") = "grader", "grader", "{0160C157-69D8-486B-8395-F52D5E714117}"
EndProject
Project("{FAE04EC0-301F-11D3-BF4B-00C04F79EFBC}") = "AgentInterview.Grader", "interviews\architecture\event-ingestion-design\v1\grader\AgentInterview.Grader.csproj", "{38B74857-0D76-4AED-B31B-BFDF9A73696A}"
EndProject
Project("{2150E333-8FDC-42A3-9474-1A3956D46DE8}") = "plugin-permission-model", "plugin-permission-model", "{485511F9-14B7-C6C5-FB6D-330877C74102}"
EndProject
Project("{2150E333-8FDC-42A3-9474-1A3956D46DE8}") = "v1", "v1", "{B91E25D1-2071-99D2-26A9-882FA819A7C0}"
EndProject
Project("{2150E333-8FDC-42A3-9474-1A3956D46DE8}") = "grader", "grader", "{1B19BDA6-EF18-11E5-A3C3-40E709B04B1B}"
EndProject
Project("{FAE04EC0-301F-11D3-BF4B-00C04F79EFBC}") = "AgentInterview.Grader", "interviews\architecture\plugin-permission-model\v1\grader\AgentInterview.Grader.csproj", "{B768B8A5-0EC2-499C-8F02-2CBB12108404}"
EndProject
Project("{2150E333-8FDC-42A3-9474-1A3956D46DE8}") = "markdown-table-parser", "markdown-table-parser", "{86D80225-D80D-BE38-1098-70DB637C2966}"
EndProject
Project("{2150E333-8FDC-42A3-9474-1A3956D46DE8}") = "v1", "v1", "{3FBBBD37-80B3-62EB-F307-EE66D82F9CA6}"
EndProject
Project("{2150E333-8FDC-42A3-9474-1A3956D46DE8}") = "grader", "grader", "{8BA3E50E-7DEA-F8D6-12B0-F87F937C088C}"
EndProject
Project("{FAE04EC0-301F-11D3-BF4B-00C04F79EFBC}") = "AgentInterview.Grader", "interviews\coding\markdown-table-parser\v1\grader\AgentInterview.Grader.csproj", "{7CD9403B-77B9-4B36-A6D4-0DF40F6FEF3F}"
EndProject
Project("{2150E333-8FDC-42A3-9474-1A3956D46DE8}") = "starter", "starter", "{5C8AF089-F16D-7623-551D-7200E6B7846C}"
EndProject
Project("{FAE04EC0-301F-11D3-BF4B-00C04F79EFBC}") = "MarkdownTableParser", "interviews\coding\markdown-table-parser\v1\starter\MarkdownTableParser.csproj", "{79B942D3-E4AE-4D55-9947-8F0C83F98DF3}"
EndProject
Project("{2150E333-8FDC-42A3-9474-1A3956D46DE8}") = "rate-limiter", "rate-limiter", "{BB68784D-4092-8552-8D83-0A1F73CA4C1C}"
EndProject
Project("{2150E333-8FDC-42A3-9474-1A3956D46DE8}") = "v1", "v1", "{7B15D5DC-F88F-2A28-BDA2-26DE14B2F5D2}"
EndProject
Project("{2150E333-8FDC-42A3-9474-1A3956D46DE8}") = "grader", "grader", "{52A1A0F2-9A4F-DA9F-BD62-19A409BD07F1}"
EndProject
Project("{FAE04EC0-301F-11D3-BF4B-00C04F79EFBC}") = "AgentInterview.Grader", "interviews\coding\rate-limiter\v1\grader\AgentInterview.Grader.csproj", "{2AE353CF-6E54-494F-AB94-445B8792BF5A}"
EndProject
Project("{2150E333-8FDC-42A3-9474-1A3956D46DE8}") = "starter", "starter", "{276AA547-3A45-5D8A-C91A-59E817110DD0}"
EndProject
Project("{FAE04EC0-301F-11D3-BF4B-00C04F79EFBC}") = "RateLimiter", "interviews\coding\rate-limiter\v1\starter\RateLimiter.csproj", "{5F5C7DC0-1ADE-4EFC-BED9-28C425328341}"
EndProject
Project("{2150E333-8FDC-42A3-9474-1A3956D46DE8}") = "todo-api", "todo-api", "{1086AC71-8E17-A84F-5000-4F1F60B6B094}"
EndProject
Project("{2150E333-8FDC-42A3-9474-1A3956D46DE8}") = "v1", "v1", "{81BFA88D-48B7-00F3-8639-9F1391573225}"
EndProject
Project("{2150E333-8FDC-42A3-9474-1A3956D46DE8}") = "grader", "grader", "{295FCC7A-9BDF-47ED-E41C-A8137BBF269D}"
EndProject
Project("{FAE04EC0-301F-11D3-BF4B-00C04F79EFBC}") = "AgentInterview.Grader", "interviews\coding\todo-api\v1\grader\AgentInterview.Grader.csproj", "{5FB68353-AB8E-46BF-AA46-22978828DBE4}"
EndProject
Project("{2150E333-8FDC-42A3-9474-1A3956D46DE8}") = "starter", "starter", "{A9C22D7C-33B8-CEF2-BF44-9442F57B4C4E}"
EndProject
Project("{FAE04EC0-301F-11D3-BF4B-00C04F79EFBC}") = "TodoApi", "interviews\coding\todo-api\v1\starter\TodoApi.csproj", "{D96B0C4F-36BA-4C45-A29C-02D090AD1152}"
EndProject
Project("{2150E333-8FDC-42A3-9474-1A3956D46DE8}") = "requirements", "requirements", "{E4F20ECB-0FAA-4CB3-E78E-480052BDFED1}"
EndProject
Project("{2150E333-8FDC-42A3-9474-1A3956D46DE8}") = "expense-approval-workflow", "expense-approval-workflow", "{D5276C80-9120-B072-6A3B-5B7A018E439D}"
EndProject
Project("{2150E333-8FDC-42A3-9474-1A3956D46DE8}") = "v1", "v1", "{F85F0E7B-87CE-38C8-B321-129244B19096}"
EndProject
Project("{2150E333-8FDC-42A3-9474-1A3956D46DE8}") = "grader", "grader", "{A5993A34-8EBF-3FC6-D98D-3DCA23D970D1}"
EndProject
Project("{FAE04EC0-301F-11D3-BF4B-00C04F79EFBC}") = "AgentInterview.Grader", "interviews\requirements\expense-approval-workflow\v1\grader\AgentInterview.Grader.csproj", "{47B66FE7-76A1-483A-8350-E0B2EEA700DD}"
EndProject
Project("{2150E333-8FDC-42A3-9474-1A3956D46DE8}") = "incident-response-runbook", "incident-response-runbook", "{CFABAF2B-ED8B-57BB-A819-1F9C9483B849}"
EndProject
Project("{2150E333-8FDC-42A3-9474-1A3956D46DE8}") = "v1", "v1", "{3D5A9249-0ABC-B571-51D1-1A0AC964F38A}"
EndProject
Project("{2150E333-8FDC-42A3-9474-1A3956D46DE8}") = "grader", "grader", "{D6F7216C-7765-ACA1-496D-968A1D6DEA57}"
EndProject
Project("{FAE04EC0-301F-11D3-BF4B-00C04F79EFBC}") = "AgentInterview.Grader", "interviews\requirements\incident-response-runbook\v1\grader\AgentInterview.Grader.csproj", "{04A22368-8B8A-4580-887C-14A3CF5419F7}"
EndProject
Project("{2150E333-8FDC-42A3-9474-1A3956D46DE8}") = "testing", "testing", "{FF758996-9FB5-9D7E-AC39-644E4D57727C}"
EndProject
Project("{2150E333-8FDC-42A3-9474-1A3956D46DE8}") = "order-discount-rules", "order-discount-rules", "{0E64C283-0C41-6898-D673-6868DA0F1CDF}"
EndProject
Project("{2150E333-8FDC-42A3-9474-1A3956D46DE8}") = "v1", "v1", "{A75772AB-7E7A-0F59-E071-0CFB9B47189E}"
EndProject
Project("{2150E333-8FDC-42A3-9474-1A3956D46DE8}") = "grader", "grader", "{758BA19E-BC94-5225-9A24-3832E10E704B}"
EndProject
Project("{FAE04EC0-301F-11D3-BF4B-00C04F79EFBC}") = "AgentInterview.Grader", "interviews\testing\order-discount-rules\v1\grader\AgentInterview.Grader.csproj", "{B8DBB2A7-AF90-423B-8A9F-634C161EC6EE}"
EndProject
Project("{2150E333-8FDC-42A3-9474-1A3956D46DE8}") = "starter", "starter", "{1C911060-CDFB-FA80-D824-238A9CD62B66}"
EndProject
Project("{FAE04EC0-301F-11D3-BF4B-00C04F79EFBC}") = "OrderDiscounts", "interviews\testing\order-discount-rules\v1\starter\OrderDiscounts.csproj", "{48B20E3B-2523-47B3-8960-3469B0EC5066}"
EndProject
Project("{2150E333-8FDC-42A3-9474-1A3956D46DE8}") = "retry-policy", "retry-policy", "{FE13016E-D826-04F0-245C-5811BDA4D0D8}"
EndProject
Project("{2150E333-8FDC-42A3-9474-1A3956D46DE8}") = "v1", "v1", "{1BE2460D-6CF0-0B41-83E0-8615F957975D}"
EndProject
Project("{2150E333-8FDC-42A3-9474-1A3956D46DE8}") = "grader", "grader", "{ACB70249-B640-9F96-D3B9-61F87C090299}"
EndProject
Project("{FAE04EC0-301F-11D3-BF4B-00C04F79EFBC}") = "AgentInterview.Grader", "interviews\testing\retry-policy\v1\grader\AgentInterview.Grader.csproj", "{D87AD75E-1707-41B6-9A77-0C77C3EC32C9}"
EndProject
Project("{2150E333-8FDC-42A3-9474-1A3956D46DE8}") = "starter", "starter", "{A902A75B-0372-61FF-00CD-9B6496D1496D}"
EndProject
Project("{FAE04EC0-301F-11D3-BF4B-00C04F79EFBC}") = "RetryPolicy", "interviews\testing\retry-policy\v1\starter\RetryPolicy.csproj", "{E8718746-76E6-4876-9AFA-05DB8FD9F13A}"
EndProject
Global
	GlobalSection(SolutionConfigurationPlatforms) = preSolution
		Debug|Any CPU = Debug|Any CPU
		Debug|x64 = Debug|x64
		Debug|x86 = Debug|x86
		Release|Any CPU = Release|Any CPU
		Release|x64 = Release|x64
		Release|x86 = Release|x86
	EndGlobalSection
	GlobalSection(ProjectConfigurationPlatforms) = postSolution
		{B93BD516-0131-44A5-B672-014AFF4A1CA6}.Debug|Any CPU.ActiveCfg = Debug|Any CPU
		{B93BD516-0131-44A5-B672-014AFF4A1CA6}.Debug|Any CPU.Build.0 = Debug|Any CPU
		{B93BD516-0131-44A5-B672-014AFF4A1CA6}.Debug|x64.ActiveCfg = Debug|Any CPU
		{B93BD516-0131-44A5-B672-014AFF4A1CA6}.Debug|x64.Build.0 = Debug|Any CPU
		{B93BD516-0131-44A5-B672-014AFF4A1CA6}.Debug|x86.ActiveCfg = Debug|Any CPU
		{B93BD516-0131-44A5-B672-014AFF4A1CA6}.Debug|x86.Build.0 = Debug|Any CPU
		{B93BD516-0131-44A5-B672-014AFF4A1CA6}.Release|Any CPU.ActiveCfg = Release|Any CPU
		{B93BD516-0131-44A5-B672-014AFF4A1CA6}.Release|Any CPU.Build.0 = Release|Any CPU
		{B93BD516-0131-44A5-B672-014AFF4A1CA6}.Release|x64.ActiveCfg = Release|Any CPU
		{B93BD516-0131-44A5-B672-014AFF4A1CA6}.Release|x64.Build.0 = Release|Any CPU
		{B93BD516-0131-44A5-B672-014AFF4A1CA6}.Release|x86.ActiveCfg = Release|Any CPU
		{B93BD516-0131-44A5-B672-014AFF4A1CA6}.Release|x86.Build.0 = Release|Any CPU
		{23208BB1-3EAE-42A3-8F86-242D31979D6C}.Debug|Any CPU.ActiveCfg = Debug|Any CPU
		{23208BB1-3EAE-42A3-8F86-242D31979D6C}.Debug|Any CPU.Build.0 = Debug|Any CPU
		{23208BB1-3EAE-42A3-8F86-242D31979D6C}.Debug|x64.ActiveCfg = Debug|Any CPU
		{23208BB1-3EAE-42A3-8F86-242D31979D6C}.Debug|x64.Build.0 = Debug|Any CPU
		{23208BB1-3EAE-42A3-8F86-242D31979D6C}.Debug|x86.ActiveCfg = Debug|Any CPU
		{23208BB1-3EAE-42A3-8F86-242D31979D6C}.Debug|x86.Build.0 = Debug|Any CPU
		{23208BB1-3EAE-42A3-8F86-242D31979D6C}.Release|Any CPU.ActiveCfg = Release|Any CPU
		{23208BB1-3EAE-42A3-8F86-242D31979D6C}.Release|Any CPU.Build.0 = Release|Any CPU
		{23208BB1-3EAE-42A3-8F86-242D31979D6C}.Release|x64.ActiveCfg = Release|Any CPU
		{23208BB1-3EAE-42A3-8F86-242D31979D6C}.Release|x64.Build.0 = Release|Any CPU
		{23208BB1-3EAE-42A3-8F86-242D31979D6C}.Release|x86.ActiveCfg = Release|Any CPU
		{23208BB1-3EAE-42A3-8F86-242D31979D6C}.Release|x86.Build.0 = Release|Any CPU
		{32E25A53-C904-42A3-909C-913CAC476011}.Debug|Any CPU.ActiveCfg = Debug|Any CPU
		{32E25A53-C904-42A3-909C-913CAC476011}.Debug|Any CPU.Build.0 = Debug|Any CPU
		{32E25A53-C904-42A3-909C-913CAC476011}.Debug|x64.ActiveCfg = Debug|Any CPU
		{32E25A53-C904-42A3-909C-913CAC476011}.Debug|x64.Build.0 = Debug|Any CPU
		{32E25A53-C904-42A3-909C-913CAC476011}.Debug|x86.ActiveCfg = Debug|Any CPU
		{32E25A53-C904-42A3-909C-913CAC476011}.Debug|x86.Build.0 = Debug|Any CPU
		{32E25A53-C904-42A3-909C-913CAC476011}.Release|Any CPU.ActiveCfg = Release|Any CPU
		{32E25A53-C904-42A3-909C-913CAC476011}.Release|Any CPU.Build.0 = Release|Any CPU
		{32E25A53-C904-42A3-909C-913CAC476011}.Release|x64.ActiveCfg = Release|Any CPU
		{32E25A53-C904-42A3-909C-913CAC476011}.Release|x64.Build.0 = Release|Any CPU
		{32E25A53-C904-42A3-909C-913CAC476011}.Release|x86.ActiveCfg = Release|Any CPU
		{32E25A53-C904-42A3-909C-913CAC476011}.Release|x86.Build.0 = Release|Any CPU
		{9BCADE83-8247-4250-9988-8E727F1CD9F0}.Debug|Any CPU.ActiveCfg = Debug|Any CPU
		{9BCADE83-8247-4250-9988-8E727F1CD9F0}.Debug|Any CPU.Build.0 = Debug|Any CPU
		{9BCADE83-8247-4250-9988-8E727F1CD9F0}.Debug|x64.ActiveCfg = Debug|Any CPU
		{9BCADE83-8247-4250-9988-8E727F1CD9F0}.Debug|x64.Build.0 = Debug|Any CPU
		{9BCADE83-8247-4250-9988-8E727F1CD9F0}.Debug|x86.ActiveCfg = Debug|Any CPU
		{9BCADE83-8247-4250-9988-8E727F1CD9F0}.Debug|x86.Build.0 = Debug|Any CPU
		{9BCADE83-8247-4250-9988-8E727F1CD9F0}.Release|Any CPU.ActiveCfg = Release|Any CPU
		{9BCADE83-8247-4250-9988-8E727F1CD9F0}.Release|Any CPU.Build.0 = Release|Any CPU
		{9BCADE83-8247-4250-9988-8E727F1CD9F0}.Release|x64.ActiveCfg = Release|Any CPU
		{9BCADE83-8247-4250-9988-8E727F1CD9F0}.Release|x64.Build.0 = Release|Any CPU
		{9BCADE83-8247-4250-9988-8E727F1CD9F0}.Release|x86.ActiveCfg = Release|Any CPU
		{9BCADE83-8247-4250-9988-8E727F1CD9F0}.Release|x86.Build.0 = Release|Any CPU
		{641D937E-A12D-41A6-BEA8-D323CAEF5D61}.Debug|Any CPU.ActiveCfg = Debug|Any CPU
		{641D937E-A12D-41A6-BEA8-D323CAEF5D61}.Debug|Any CPU.Build.0 = Debug|Any CPU
		{641D937E-A12D-41A6-BEA8-D323CAEF5D61}.Debug|x64.ActiveCfg = Debug|Any CPU
		{641D937E-A12D-41A6-BEA8-D323CAEF5D61}.Debug|x64.Build.0 = Debug|Any CPU
		{641D937E-A12D-41A6-BEA8-D323CAEF5D61}.Debug|x86.ActiveCfg = Debug|Any CPU
		{641D937E-A12D-41A6-BEA8-D323CAEF5D61}.Debug|x86.Build.0 = Debug|Any CPU
		{641D937E-A12D-41A6-BEA8-D323CAEF5D61}.Release|Any CPU.ActiveCfg = Release|Any CPU
		{641D937E-A12D-41A6-BEA8-D323CAEF5D61}.Release|Any CPU.Build.0 = Release|Any CPU
		{641D937E-A12D-41A6-BEA8-D323CAEF5D61}.Release|x64.ActiveCfg = Release|Any CPU
		{641D937E-A12D-41A6-BEA8-D323CAEF5D61}.Release|x64.Build.0 = Release|Any CPU
		{641D937E-A12D-41A6-BEA8-D323CAEF5D61}.Release|x86.ActiveCfg = Release|Any CPU
		{641D937E-A12D-41A6-BEA8-D323CAEF5D61}.Release|x86.Build.0 = Release|Any CPU
		{5436AB15-D0E5-4F84-9D38-48582FF2DED0}.Debug|Any CPU.ActiveCfg = Debug|Any CPU
		{5436AB15-D0E5-4F84-9D38-48582FF2DED0}.Debug|Any CPU.Build.0 = Debug|Any CPU
		{5436AB15-D0E5-4F84-9D38-48582FF2DED0}.Debug|x64.ActiveCfg = Debug|Any CPU
		{5436AB15-D0E5-4F84-9D38-48582FF2DED0}.Debug|x64.Build.0 = Debug|Any CPU
		{5436AB15-D0E5-4F84-9D38-48582FF2DED0}.Debug|x86.ActiveCfg = Debug|Any CPU
		{5436AB15-D0E5-4F84-9D38-48582FF2DED0}.Debug|x86.Build.0 = Debug|Any CPU
		{5436AB15-D0E5-4F84-9D38-48582FF2DED0}.Release|Any CPU.ActiveCfg = Release|Any CPU
		{5436AB15-D0E5-4F84-9D38-48582FF2DED0}.Release|Any CPU.Build.0 = Release|Any CPU
		{5436AB15-D0E5-4F84-9D38-48582FF2DED0}.Release|x64.ActiveCfg = Release|Any CPU
		{5436AB15-D0E5-4F84-9D38-48582FF2DED0}.Release|x64.Build.0 = Release|Any CPU
		{5436AB15-D0E5-4F84-9D38-48582FF2DED0}.Release|x86.ActiveCfg = Release|Any CPU
		{5436AB15-D0E5-4F84-9D38-48582FF2DED0}.Release|x86.Build.0 = Release|Any CPU
		{AE18E4D1-BC47-4F2B-BF71-DFFE2CD15293}.Debug|Any CPU.ActiveCfg = Debug|Any CPU
		{AE18E4D1-BC47-4F2B-BF71-DFFE2CD15293}.Debug|Any CPU.Build.0 = Debug|Any CPU
		{AE18E4D1-BC47-4F2B-BF71-DFFE2CD15293}.Debug|x64.ActiveCfg = Debug|Any CPU
		{AE18E4D1-BC47-4F2B-BF71-DFFE2CD15293}.Debug|x64.Build.0 = Debug|Any CPU
		{AE18E4D1-BC47-4F2B-BF71-DFFE2CD15293}.Debug|x86.ActiveCfg = Debug|Any CPU
		{AE18E4D1-BC47-4F2B-BF71-DFFE2CD15293}.Debug|x86.Build.0 = Debug|Any CPU
		{AE18E4D1-BC47-4F2B-BF71-DFFE2CD15293}.Release|Any CPU.ActiveCfg = Release|Any CPU
		{AE18E4D1-BC47-4F2B-BF71-DFFE2CD15293}.Release|Any CPU.Build.0 = Release|Any CPU
		{AE18E4D1-BC47-4F2B-BF71-DFFE2CD15293}.Release|x64.ActiveCfg = Release|Any CPU
		{AE18E4D1-BC47-4F2B-BF71-DFFE2CD15293}.Release|x64.Build.0 = Release|Any CPU
		{AE18E4D1-BC47-4F2B-BF71-DFFE2CD15293}.Release|x86.ActiveCfg = Release|Any CPU
		{AE18E4D1-BC47-4F2B-BF71-DFFE2CD15293}.Release|x86.Build.0 = Release|Any CPU
		{9350F0D4-C562-48EA-BA14-F23FD9BFFB47}.Debug|Any CPU.ActiveCfg = Debug|Any CPU
		{9350F0D4-C562-48EA-BA14-F23FD9BFFB47}.Debug|Any CPU.Build.0 = Debug|Any CPU
		{9350F0D4-C562-48EA-BA14-F23FD9BFFB47}.Debug|x64.ActiveCfg = Debug|Any CPU
		{9350F0D4-C562-48EA-BA14-F23FD9BFFB47}.Debug|x64.Build.0 = Debug|Any CPU
		{9350F0D4-C562-48EA-BA14-F23FD9BFFB47}.Debug|x86.ActiveCfg = Debug|Any CPU
		{9350F0D4-C562-48EA-BA14-F23FD9BFFB47}.Debug|x86.Build.0 = Debug|Any CPU
		{9350F0D4-C562-48EA-BA14-F23FD9BFFB47}.Release|Any CPU.ActiveCfg = Release|Any CPU
		{9350F0D4-C562-48EA-BA14-F23FD9BFFB47}.Release|Any CPU.Build.0 = Release|Any CPU
		{9350F0D4-C562-48EA-BA14-F23FD9BFFB47}.Release|x64.ActiveCfg = Release|Any CPU
		{9350F0D4-C562-48EA-BA14-F23FD9BFFB47}.Release|x64.Build.0 = Release|Any CPU
		{9350F0D4-C562-48EA-BA14-F23FD9BFFB47}.Release|x86.ActiveCfg = Release|Any CPU
		{9350F0D4-C562-48EA-BA14-F23FD9BFFB47}.Release|x86.Build.0 = Release|Any CPU
		{BDD8146F-6971-4A63-927F-AD1DF851B744}.Debug|Any CPU.ActiveCfg = Debug|Any CPU
		{BDD8146F-6971-4A63-927F-AD1DF851B744}.Debug|Any CPU.Build.0 = Debug|Any CPU
		{BDD8146F-6971-4A63-927F-AD1DF851B744}.Debug|x64.ActiveCfg = Debug|Any CPU
		{BDD8146F-6971-4A63-927F-AD1DF851B744}.Debug|x64.Build.0 = Debug|Any CPU
		{BDD8146F-6971-4A63-927F-AD1DF851B744}.Debug|x86.ActiveCfg = Debug|Any CPU
		{BDD8146F-6971-4A63-927F-AD1DF851B744}.Debug|x86.Build.0 = Debug|Any CPU
		{BDD8146F-6971-4A63-927F-AD1DF851B744}.Release|Any CPU.ActiveCfg = Release|Any CPU
		{BDD8146F-6971-4A63-927F-AD1DF851B744}.Release|Any CPU.Build.0 = Release|Any CPU
		{BDD8146F-6971-4A63-927F-AD1DF851B744}.Release|x64.ActiveCfg = Release|Any CPU
		{BDD8146F-6971-4A63-927F-AD1DF851B744}.Release|x64.Build.0 = Release|Any CPU
		{BDD8146F-6971-4A63-927F-AD1DF851B744}.Release|x86.ActiveCfg = Release|Any CPU
		{BDD8146F-6971-4A63-927F-AD1DF851B744}.Release|x86.Build.0 = Release|Any CPU
		{B4F48D90-C097-4BAC-B5D3-9EBD39E8218F}.Debug|Any CPU.ActiveCfg = Debug|Any CPU
		{B4F48D90-C097-4BAC-B5D3-9EBD39E8218F}.Debug|Any CPU.Build.0 = Debug|Any CPU
		{B4F48D90-C097-4BAC-B5D3-9EBD39E8218F}.Debug|x64.ActiveCfg = Debug|Any CPU
		{B4F48D90-C097-4BAC-B5D3-9EBD39E8218F}.Debug|x64.Build.0 = Debug|Any CPU
		{B4F48D90-C097-4BAC-B5D3-9EBD39E8218F}.Debug|x86.ActiveCfg = Debug|Any CPU
		{B4F48D90-C097-4BAC-B5D3-9EBD39E8218F}.Debug|x86.Build.0 = Debug|Any CPU
		{B4F48D90-C097-4BAC-B5D3-9EBD39E8218F}.Release|Any CPU.ActiveCfg = Release|Any CPU
		{B4F48D90-C097-4BAC-B5D3-9EBD39E8218F}.Release|Any CPU.Build.0 = Release|Any CPU
		{B4F48D90-C097-4BAC-B5D3-9EBD39E8218F}.Release|x64.ActiveCfg = Release|Any CPU
		{B4F48D90-C097-4BAC-B5D3-9EBD39E8218F}.Release|x64.Build.0 = Release|Any CPU
		{B4F48D90-C097-4BAC-B5D3-9EBD39E8218F}.Release|x86.ActiveCfg = Release|Any CPU
		{B4F48D90-C097-4BAC-B5D3-9EBD39E8218F}.Release|x86.Build.0 = Release|Any CPU
		{38B74857-0D76-4AED-B31B-BFDF9A73696A}.Debug|Any CPU.ActiveCfg = Debug|Any CPU
		{38B74857-0D76-4AED-B31B-BFDF9A73696A}.Debug|Any CPU.Build.0 = Debug|Any CPU
		{38B74857-0D76-4AED-B31B-BFDF9A73696A}.Debug|x64.ActiveCfg = Debug|Any CPU
		{38B74857-0D76-4AED-B31B-BFDF9A73696A}.Debug|x64.Build.0 = Debug|Any CPU
		{38B74857-0D76-4AED-B31B-BFDF9A73696A}.Debug|x86.ActiveCfg = Debug|Any CPU
		{38B74857-0D76-4AED-B31B-BFDF9A73696A}.Debug|x86.Build.0 = Debug|Any CPU
		{38B74857-0D76-4AED-B31B-BFDF9A73696A}.Release|Any CPU.ActiveCfg = Release|Any CPU
		{38B74857-0D76-4AED-B31B-BFDF9A73696A}.Release|Any CPU.Build.0 = Release|Any CPU
		{38B74857-0D76-4AED-B31B-BFDF9A73696A}.Release|x64.ActiveCfg = Release|Any CPU
		{38B74857-0D76-4AED-B31B-BFDF9A73696A}.Release|x64.Build.0 = Release|Any CPU
		{38B74857-0D76-4AED-B31B-BFDF9A73696A}.Release|x86.ActiveCfg = Release|Any CPU
		{38B74857-0D76-4AED-B31B-BFDF9A73696A}.Release|x86.Build.0 = Release|Any CPU
		{B768B8A5-0EC2-499C-8F02-2CBB12108404}.Debug|Any CPU.ActiveCfg = Debug|Any CPU
		{B768B8A5-0EC2-499C-8F02-2CBB12108404}.Debug|Any CPU.Build.0 = Debug|Any CPU
		{B768B8A5-0EC2-499C-8F02-2CBB12108404}.Debug|x64.ActiveCfg = Debug|Any CPU
		{B768B8A5-0EC2-499C-8F02-2CBB12108404}.Debug|x64.Build.0 = Debug|Any CPU
		{B768B8A5-0EC2-499C-8F02-2CBB12108404}.Debug|x86.ActiveCfg = Debug|Any CPU
		{B768B8A5-0EC2-499C-8F02-2CBB12108404}.Debug|x86.Build.0 = Debug|Any CPU
		{B768B8A5-0EC2-499C-8F02-2CBB12108404}.Release|Any CPU.ActiveCfg = Release|Any CPU
		{B768B8A5-0EC2-499C-8F02-2CBB12108404}.Release|Any CPU.Build.0 = Release|Any CPU
		{B768B8A5-0EC2-499C-8F02-2CBB12108404}.Release|x64.ActiveCfg = Release|Any CPU
		{B768B8A5-0EC2-499C-8F02-2CBB12108404}.Release|x64.Build.0 = Release|Any CPU
		{B768B8A5-0EC2-499C-8F02-2CBB12108404}.Release|x86.ActiveCfg = Release|Any CPU
		{B768B8A5-0EC2-499C-8F02-2CBB12108404}.Release|x86.Build.0 = Release|Any CPU
		{7CD9403B-77B9-4B36-A6D4-0DF40F6FEF3F}.Debug|Any CPU.ActiveCfg = Debug|Any CPU
		{7CD9403B-77B9-4B36-A6D4-0DF40F6FEF3F}.Debug|Any CPU.Build.0 = Debug|Any CPU
		{7CD9403B-77B9-4B36-A6D4-0DF40F6FEF3F}.Debug|x64.ActiveCfg = Debug|Any CPU
		{7CD9403B-77B9-4B36-A6D4-0DF40F6FEF3F}.Debug|x64.Build.0 = Debug|Any CPU
		{7CD9403B-77B9-4B36-A6D4-0DF40F6FEF3F}.Debug|x86.ActiveCfg = Debug|Any CPU
		{7CD9403B-77B9-4B36-A6D4-0DF40F6FEF3F}.Debug|x86.Build.0 = Debug|Any CPU
		{7CD9403B-77B9-4B36-A6D4-0DF40F6FEF3F}.Release|Any CPU.ActiveCfg = Release|Any CPU
		{7CD9403B-77B9-4B36-A6D4-0DF40F6FEF3F}.Release|Any CPU.Build.0 = Release|Any CPU
		{7CD9403B-77B9-4B36-A6D4-0DF40F6FEF3F}.Release|x64.ActiveCfg = Release|Any CPU
		{7CD9403B-77B9-4B36-A6D4-0DF40F6FEF3F}.Release|x64.Build.0 = Release|Any CPU
		{7CD9403B-77B9-4B36-A6D4-0DF40F6FEF3F}.Release|x86.ActiveCfg = Release|Any CPU
		{7CD9403B-77B9-4B36-A6D4-0DF40F6FEF3F}.Release|x86.Build.0 = Release|Any CPU
		{79B942D3-E4AE-4D55-9947-8F0C83F98DF3}.Debug|Any CPU.ActiveCfg = Debug|Any CPU
		{79B942D3-E4AE-4D55-9947-8F0C83F98DF3}.Debug|Any CPU.Build.0 = Debug|Any CPU
		{79B942D3-E4AE-4D55-9947-8F0C83F98DF3}.Debug|x64.ActiveCfg = Debug|Any CPU
		{79B942D3-E4AE-4D55-9947-8F0C83F98DF3}.Debug|x64.Build.0 = Debug|Any CPU
		{79B942D3-E4AE-4D55-9947-8F0C83F98DF3}.Debug|x86.ActiveCfg = Debug|Any CPU
		{79B942D3-E4AE-4D55-9947-8F0C83F98DF3}.Debug|x86.Build.0 = Debug|Any CPU
		{79B942D3-E4AE-4D55-9947-8F0C83F98DF3}.Release|Any CPU.ActiveCfg = Release|Any CPU
		{79B942D3-E4AE-4D55-9947-8F0C83F98DF3}.Release|Any CPU.Build.0 = Release|Any CPU
		{79B942D3-E4AE-4D55-9947-8F0C83F98DF3}.Release|x64.ActiveCfg = Release|Any CPU
		{79B942D3-E4AE-4D55-9947-8F0C83F98DF3}.Release|x64.Build.0 = Release|Any CPU
		{79B942D3-E4AE-4D55-9947-8F0C83F98DF3}.Release|x86.ActiveCfg = Release|Any CPU
		{79B942D3-E4AE-4D55-9947-8F0C83F98DF3}.Release|x86.Build.0 = Release|Any CPU
		{2AE353CF-6E54-494F-AB94-445B8792BF5A}.Debug|Any CPU.ActiveCfg = Debug|Any CPU
		{2AE353CF-6E54-494F-AB94-445B8792BF5A}.Debug|Any CPU.Build.0 = Debug|Any CPU
		{2AE353CF-6E54-494F-AB94-445B8792BF5A}.Debug|x64.ActiveCfg = Debug|Any CPU
		{2AE353CF-6E54-494F-AB94-445B8792BF5A}.Debug|x64.Build.0 = Debug|Any CPU
		{2AE353CF-6E54-494F-AB94-445B8792BF5A}.Debug|x86.ActiveCfg = Debug|Any CPU
		{2AE353CF-6E54-494F-AB94-445B8792BF5A}.Debug|x86.Build.0 = Debug|Any CPU
		{2AE353CF-6E54-494F-AB94-445B8792BF5A}.Release|Any CPU.ActiveCfg = Release|Any CPU
		{2AE353CF-6E54-494F-AB94-445B8792BF5A}.Release|Any CPU.Build.0 = Release|Any CPU
		{2AE353CF-6E54-494F-AB94-445B8792BF5A}.Release|x64.ActiveCfg = Release|Any CPU
		{2AE353CF-6E54-494F-AB94-445B8792BF5A}.Release|x64.Build.0 = Release|Any CPU
		{2AE353CF-6E54-494F-AB94-445B8792BF5A}.Release|x86.ActiveCfg = Release|Any CPU
		{2AE353CF-6E54-494F-AB94-445B8792BF5A}.Release|x86.Build.0 = Release|Any CPU
		{5F5C7DC0-1ADE-4EFC-BED9-28C425328341}.Debug|Any CPU.ActiveCfg = Debug|Any CPU
		{5F5C7DC0-1ADE-4EFC-BED9-28C425328341}.Debug|Any CPU.Build.0 = Debug|Any CPU
		{5F5C7DC0-1ADE-4EFC-BED9-28C425328341}.Debug|x64.ActiveCfg = Debug|Any CPU
		{5F5C7DC0-1ADE-4EFC-BED9-28C425328341}.Debug|x64.Build.0 = Debug|Any CPU
		{5F5C7DC0-1ADE-4EFC-BED9-28C425328341}.Debug|x86.ActiveCfg = Debug|Any CPU
		{5F5C7DC0-1ADE-4EFC-BED9-28C425328341}.Debug|x86.Build.0 = Debug|Any CPU
		{5F5C7DC0-1ADE-4EFC-BED9-28C425328341}.Release|Any CPU.ActiveCfg = Release|Any CPU
		{5F5C7DC0-1ADE-4EFC-BED9-28C425328341}.Release|Any CPU.Build.0 = Release|Any CPU
		{5F5C7DC0-1ADE-4EFC-BED9-28C425328341}.Release|x64.ActiveCfg = Release|Any CPU
		{5F5C7DC0-1ADE-4EFC-BED9-28C425328341}.Release|x64.Build.0 = Release|Any CPU
		{5F5C7DC0-1ADE-4EFC-BED9-28C425328341}.Release|x86.ActiveCfg = Release|Any CPU
		{5F5C7DC0-1ADE-4EFC-BED9-28C425328341}.Release|x86.Build.0 = Release|Any CPU
		{5FB68353-AB8E-46BF-AA46-22978828DBE4}.Debug|Any CPU.ActiveCfg = Debug|Any CPU
		{5FB68353-AB8E-46BF-AA46-22978828DBE4}.Debug|Any CPU.Build.0 = Debug|Any CPU
		{5FB68353-AB8E-46BF-AA46-22978828DBE4}.Debug|x64.ActiveCfg = Debug|Any CPU
		{5FB68353-AB8E-46BF-AA46-22978828DBE4}.Debug|x64.Build.0 = Debug|Any CPU
		{5FB68353-AB8E-46BF-AA46-22978828DBE4}.Debug|x86.ActiveCfg = Debug|Any CPU
		{5FB68353-AB8E-46BF-AA46-22978828DBE4}.Debug|x86.Build.0 = Debug|Any CPU
		{5FB68353-AB8E-46BF-AA46-22978828DBE4}.Release|Any CPU.ActiveCfg = Release|Any CPU
		{5FB68353-AB8E-46BF-AA46-22978828DBE4}.Release|Any CPU.Build.0 = Release|Any CPU
		{5FB68353-AB8E-46BF-AA46-22978828DBE4}.Release|x64.ActiveCfg = Release|Any CPU
		{5FB68353-AB8E-46BF-AA46-22978828DBE4}.Release|x64.Build.0 = Release|Any CPU
		{5FB68353-AB8E-46BF-AA46-22978828DBE4}.Release|x86.ActiveCfg = Release|Any CPU
		{5FB68353-AB8E-46BF-AA46-22978828DBE4}.Release|x86.Build.0 = Release|Any CPU
		{D96B0C4F-36BA-4C45-A29C-02D090AD1152}.Debug|Any CPU.ActiveCfg = Debug|Any CPU
		{D96B0C4F-36BA-4C45-A29C-02D090AD1152}.Debug|Any CPU.Build.0 = Debug|Any CPU
		{D96B0C4F-36BA-4C45-A29C-02D090AD1152}.Debug|x64.ActiveCfg = Debug|Any CPU
		{D96B0C4F-36BA-4C45-A29C-02D090AD1152}.Debug|x64.Build.0 = Debug|Any CPU
		{D96B0C4F-36BA-4C45-A29C-02D090AD1152}.Debug|x86.ActiveCfg = Debug|Any CPU
		{D96B0C4F-36BA-4C45-A29C-02D090AD1152}.Debug|x86.Build.0 = Debug|Any CPU
		{D96B0C4F-36BA-4C45-A29C-02D090AD1152}.Release|Any CPU.ActiveCfg = Release|Any CPU
		{D96B0C4F-36BA-4C45-A29C-02D090AD1152}.Release|Any CPU.Build.0 = Release|Any CPU
		{D96B0C4F-36BA-4C45-A29C-02D090AD1152}.Release|x64.ActiveCfg = Release|Any CPU
		{D96B0C4F-36BA-4C45-A29C-02D090AD1152}.Release|x64.Build.0 = Release|Any CPU
		{D96B0C4F-36BA-4C45-A29C-02D090AD1152}.Release|x86.ActiveCfg = Release|Any CPU
		{D96B0C4F-36BA-4C45-A29C-02D090AD1152}.Release|x86.Build.0 = Release|Any CPU
		{47B66FE7-76A1-483A-8350-E0B2EEA700DD}.Debug|Any CPU.ActiveCfg = Debug|Any CPU
		{47B66FE7-76A1-483A-8350-E0B2EEA700DD}.Debug|Any CPU.Build.0 = Debug|Any CPU
		{47B66FE7-76A1-483A-8350-E0B2EEA700DD}.Debug|x64.ActiveCfg = Debug|Any CPU
		{47B66FE7-76A1-483A-8350-E0B2EEA700DD}.Debug|x64.Build.0 = Debug|Any CPU
		{47B66FE7-76A1-483A-8350-E0B2EEA700DD}.Debug|x86.ActiveCfg = Debug|Any CPU
		{47B66FE7-76A1-483A-8350-E0B2EEA700DD}.Debug|x86.Build.0 = Debug|Any CPU
		{47B66FE7-76A1-483A-8350-E0B2EEA700DD}.Release|Any CPU.ActiveCfg = Release|Any CPU
		{47B66FE7-76A1-483A-8350-E0B2EEA700DD}.Release|Any CPU.Build.0 = Release|Any CPU
		{47B66FE7-76A1-483A-8350-E0B2EEA700DD}.Release|x64.ActiveCfg = Release|Any CPU
		{47B66FE7-76A1-483A-8350-E0B2EEA700DD}.Release|x64.Build.0 = Release|Any CPU
		{47B66FE7-76A1-483A-8350-E0B2EEA700DD}.Release|x86.ActiveCfg = Release|Any CPU
		{47B66FE7-76A1-483A-8350-E0B2EEA700DD}.Release|x86.Build.0 = Release|Any CPU
		{04A22368-8B8A-4580-887C-14A3CF5419F7}.Debug|Any CPU.ActiveCfg = Debug|Any CPU
		{04A22368-8B8A-4580-887C-14A3CF5419F7}.Debug|Any CPU.Build.0 = Debug|Any CPU
		{04A22368-8B8A-4580-887C-14A3CF5419F7}.Debug|x64.ActiveCfg = Debug|Any CPU
		{04A22368-8B8A-4580-887C-14A3CF5419F7}.Debug|x64.Build.0 = Debug|Any CPU
		{04A22368-8B8A-4580-887C-14A3CF5419F7}.Debug|x86.ActiveCfg = Debug|Any CPU
		{04A22368-8B8A-4580-887C-14A3CF5419F7}.Debug|x86.Build.0 = Debug|Any CPU
		{04A22368-8B8A-4580-887C-14A3CF5419F7}.Release|Any CPU.ActiveCfg = Release|Any CPU
		{04A22368-8B8A-4580-887C-14A3CF5419F7}.Release|Any CPU.Build.0 = Release|Any CPU
		{04A22368-8B8A-4580-887C-14A3CF5419F7}.Release|x64.ActiveCfg = Release|Any CPU
		{04A22368-8B8A-4580-887C-14A3CF5419F7}.Release|x64.Build.0 = Release|Any CPU
		{04A22368-8B8A-4580-887C-14A3CF5419F7}.Release|x86.ActiveCfg = Release|Any CPU
		{04A22368-8B8A-4580-887C-14A3CF5419F7}.Release|x86.Build.0 = Release|Any CPU
		{B8DBB2A7-AF90-423B-8A9F-634C161EC6EE}.Debug|Any CPU.ActiveCfg = Debug|Any CPU
		{B8DBB2A7-AF90-423B-8A9F-634C161EC6EE}.Debug|Any CPU.Build.0 = Debug|Any CPU
		{B8DBB2A7-AF90-423B-8A9F-634C161EC6EE}.Debug|x64.ActiveCfg = Debug|Any CPU
		{B8DBB2A7-AF90-423B-8A9F-634C161EC6EE}.Debug|x64.Build.0 = Debug|Any CPU
		{B8DBB2A7-AF90-423B-8A9F-634C161EC6EE}.Debug|x86.ActiveCfg = Debug|Any CPU
		{B8DBB2A7-AF90-423B-8A9F-634C161EC6EE}.Debug|x86.Build.0 = Debug|Any CPU
		{B8DBB2A7-AF90-423B-8A9F-634C161EC6EE}.Release|Any CPU.ActiveCfg = Release|Any CPU
		{B8DBB2A7-AF90-423B-8A9F-634C161EC6EE}.Release|Any CPU.Build.0 = Release|Any CPU
		{B8DBB2A7-AF90-423B-8A9F-634C161EC6EE}.Release|x64.ActiveCfg = Release|Any CPU
		{B8DBB2A7-AF90-423B-8A9F-634C161EC6EE}.Release|x64.Build.0 = Release|Any CPU
		{B8DBB2A7-AF90-423B-8A9F-634C161EC6EE}.Release|x86.ActiveCfg = Release|Any CPU
		{B8DBB2A7-AF90-423B-8A9F-634C161EC6EE}.Release|x86.Build.0 = Release|Any CPU
		{48B20E3B-2523-47B3-8960-3469B0EC5066}.Debug|Any CPU.ActiveCfg = Debug|Any CPU
		{48B20E3B-2523-47B3-8960-3469B0EC5066}.Debug|Any CPU.Build.0 = Debug|Any CPU
		{48B20E3B-2523-47B3-8960-3469B0EC5066}.Debug|x64.ActiveCfg = Debug|Any CPU
		{48B20E3B-2523-47B3-8960-3469B0EC5066}.Debug|x64.Build.0 = Debug|Any CPU
		{48B20E3B-2523-47B3-8960-3469B0EC5066}.Debug|x86.ActiveCfg = Debug|Any CPU
		{48B20E3B-2523-47B3-8960-3469B0EC5066}.Debug|x86.Build.0 = Debug|Any CPU
		{48B20E3B-2523-47B3-8960-3469B0EC5066}.Release|Any CPU.ActiveCfg = Release|Any CPU
		{48B20E3B-2523-47B3-8960-3469B0EC5066}.Release|Any CPU.Build.0 = Release|Any CPU
		{48B20E3B-2523-47B3-8960-3469B0EC5066}.Release|x64.ActiveCfg = Release|Any CPU
		{48B20E3B-2523-47B3-8960-3469B0EC5066}.Release|x64.Build.0 = Release|Any CPU
		{48B20E3B-2523-47B3-8960-3469B0EC5066}.Release|x86.ActiveCfg = Release|Any CPU
		{48B20E3B-2523-47B3-8960-3469B0EC5066}.Release|x86.Build.0 = Release|Any CPU
		{D87AD75E-1707-41B6-9A77-0C77C3EC32C9}.Debug|Any CPU.ActiveCfg = Debug|Any CPU
		{D87AD75E-1707-41B6-9A77-0C77C3EC32C9}.Debug|Any CPU.Build.0 = Debug|Any CPU
		{D87AD75E-1707-41B6-9A77-0C77C3EC32C9}.Debug|x64.ActiveCfg = Debug|Any CPU
		{D87AD75E-1707-41B6-9A77-0C77C3EC32C9}.Debug|x64.Build.0 = Debug|Any CPU
		{D87AD75E-1707-41B6-9A77-0C77C3EC32C9}.Debug|x86.ActiveCfg = Debug|Any CPU
		{D87AD75E-1707-41B6-9A77-0C77C3EC32C9}.Debug|x86.Build.0 = Debug|Any CPU
		{D87AD75E-1707-41B6-9A77-0C77C3EC32C9}.Release|Any CPU.ActiveCfg = Release|Any CPU
		{D87AD75E-1707-41B6-9A77-0C77C3EC32C9}.Release|Any CPU.Build.0 = Release|Any CPU
		{D87AD75E-1707-41B6-9A77-0C77C3EC32C9}.Release|x64.ActiveCfg = Release|Any CPU
		{D87AD75E-1707-41B6-9A77-0C77C3EC32C9}.Release|x64.Build.0 = Release|Any CPU
		{D87AD75E-1707-41B6-9A77-0C77C3EC32C9}.Release|x86.ActiveCfg = Release|Any CPU
		{D87AD75E-1707-41B6-9A77-0C77C3EC32C9}.Release|x86.Build.0 = Release|Any CPU
		{E8718746-76E6-4876-9AFA-05DB8FD9F13A}.Debug|Any CPU.ActiveCfg = Debug|Any CPU
		{E8718746-76E6-4876-9AFA-05DB8FD9F13A}.Debug|Any CPU.Build.0 = Debug|Any CPU
		{E8718746-76E6-4876-9AFA-05DB8FD9F13A}.Debug|x64.ActiveCfg = Debug|Any CPU
		{E8718746-76E6-4876-9AFA-05DB8FD9F13A}.Debug|x64.Build.0 = Debug|Any CPU
		{E8718746-76E6-4876-9AFA-05DB8FD9F13A}.Debug|x86.ActiveCfg = Debug|Any CPU
		{E8718746-76E6-4876-9AFA-05DB8FD9F13A}.Debug|x86.Build.0 = Debug|Any CPU
		{E8718746-76E6-4876-9AFA-05DB8FD9F13A}.Release|Any CPU.ActiveCfg = Release|Any CPU
		{E8718746-76E6-4876-9AFA-05DB8FD9F13A}.Release|Any CPU.Build.0 = Release|Any CPU
		{E8718746-76E6-4876-9AFA-05DB8FD9F13A}.Release|x64.ActiveCfg = Release|Any CPU
		{E8718746-76E6-4876-9AFA-05DB8FD9F13A}.Release|x64.Build.0 = Release|Any CPU
		{E8718746-76E6-4876-9AFA-05DB8FD9F13A}.Release|x86.ActiveCfg = Release|Any CPU
		{E8718746-76E6-4876-9AFA-05DB8FD9F13A}.Release|x86.Build.0 = Release|Any CPU
	EndGlobalSection
	GlobalSection(SolutionProperties) = preSolution
		HideSolutionNode = FALSE
	EndGlobalSection
	GlobalSection(NestedProjects) = preSolution
		{B93BD516-0131-44A5-B672-014AFF4A1CA6} = {827E0CD3-B72D-47B6-A68D-7590B98EB39B}
		{23208BB1-3EAE-42A3-8F86-242D31979D6C} = {0AB3BF05-4346-4AA6-1389-037BE0695223}
		{32E25A53-C904-42A3-909C-913CAC476011} = {827E0CD3-B72D-47B6-A68D-7590B98EB39B}
		{9BCADE83-8247-4250-9988-8E727F1CD9F0} = {827E0CD3-B72D-47B6-A68D-7590B98EB39B}
		{641D937E-A12D-41A6-BEA8-D323CAEF5D61} = {827E0CD3-B72D-47B6-A68D-7590B98EB39B}
		{5436AB15-D0E5-4F84-9D38-48582FF2DED0} = {0AB3BF05-4346-4AA6-1389-037BE0695223}
		{AE18E4D1-BC47-4F2B-BF71-DFFE2CD15293} = {0AB3BF05-4346-4AA6-1389-037BE0695223}
		{9350F0D4-C562-48EA-BA14-F23FD9BFFB47} = {0AB3BF05-4346-4AA6-1389-037BE0695223}
		{7675AA8B-4791-E61D-500E-B34D0B9EFAB0} = {3F6F3E9A-C37E-CB8C-CB9C-48CD293480E5}
		{C752A34D-85C1-50C3-7CD1-7E9529694D7F} = {7675AA8B-4791-E61D-500E-B34D0B9EFAB0}
		{EC7205A9-7555-9FF1-98F2-9D8E6029C041} = {C752A34D-85C1-50C3-7CD1-7E9529694D7F}
		{A77EBDC3-7E6B-EB90-EFD9-CDA5F7C89979} = {EC7205A9-7555-9FF1-98F2-9D8E6029C041}
		{BDD8146F-6971-4A63-927F-AD1DF851B744} = {A77EBDC3-7E6B-EB90-EFD9-CDA5F7C89979}
		{D4E99C36-96FB-1BFB-80C5-5E6E12FBC2ED} = {EC7205A9-7555-9FF1-98F2-9D8E6029C041}
		{B4F48D90-C097-4BAC-B5D3-9EBD39E8218F} = {D4E99C36-96FB-1BFB-80C5-5E6E12FBC2ED}
		{4D0A32A7-F9F8-DE75-22B8-0DE14A33F49E} = {3F6F3E9A-C37E-CB8C-CB9C-48CD293480E5}
		{EE73B45E-54E9-13AB-AC88-6A8F9AF86C92} = {4D0A32A7-F9F8-DE75-22B8-0DE14A33F49E}
		{5A27BD6D-A35A-BA29-7B4E-B3B916C48872} = {EE73B45E-54E9-13AB-AC88-6A8F9AF86C92}
		{0160C157-69D8-486B-8395-F52D5E714117} = {5A27BD6D-A35A-BA29-7B4E-B3B916C48872}
		{38B74857-0D76-4AED-B31B-BFDF9A73696A} = {0160C157-69D8-486B-8395-F52D5E714117}
		{485511F9-14B7-C6C5-FB6D-330877C74102} = {4D0A32A7-F9F8-DE75-22B8-0DE14A33F49E}
		{B91E25D1-2071-99D2-26A9-882FA819A7C0} = {485511F9-14B7-C6C5-FB6D-330877C74102}
		{1B19BDA6-EF18-11E5-A3C3-40E709B04B1B} = {B91E25D1-2071-99D2-26A9-882FA819A7C0}
		{B768B8A5-0EC2-499C-8F02-2CBB12108404} = {1B19BDA6-EF18-11E5-A3C3-40E709B04B1B}
		{86D80225-D80D-BE38-1098-70DB637C2966} = {7675AA8B-4791-E61D-500E-B34D0B9EFAB0}
		{3FBBBD37-80B3-62EB-F307-EE66D82F9CA6} = {86D80225-D80D-BE38-1098-70DB637C2966}
		{8BA3E50E-7DEA-F8D6-12B0-F87F937C088C} = {3FBBBD37-80B3-62EB-F307-EE66D82F9CA6}
		{7CD9403B-77B9-4B36-A6D4-0DF40F6FEF3F} = {8BA3E50E-7DEA-F8D6-12B0-F87F937C088C}
		{5C8AF089-F16D-7623-551D-7200E6B7846C} = {3FBBBD37-80B3-62EB-F307-EE66D82F9CA6}
		{79B942D3-E4AE-4D55-9947-8F0C83F98DF3} = {5C8AF089-F16D-7623-551D-7200E6B7846C}
		{BB68784D-4092-8552-8D83-0A1F73CA4C1C} = {7675AA8B-4791-E61D-500E-B34D0B9EFAB0}
		{7B15D5DC-F88F-2A28-BDA2-26DE14B2F5D2} = {BB68784D-4092-8552-8D83-0A1F73CA4C1C}
		{52A1A0F2-9A4F-DA9F-BD62-19A409BD07F1} = {7B15D5DC-F88F-2A28-BDA2-26DE14B2F5D2}
		{2AE353CF-6E54-494F-AB94-445B8792BF5A} = {52A1A0F2-9A4F-DA9F-BD62-19A409BD07F1}
		{276AA547-3A45-5D8A-C91A-59E817110DD0} = {7B15D5DC-F88F-2A28-BDA2-26DE14B2F5D2}
		{5F5C7DC0-1ADE-4EFC-BED9-28C425328341} = {276AA547-3A45-5D8A-C91A-59E817110DD0}
		{1086AC71-8E17-A84F-5000-4F1F60B6B094} = {7675AA8B-4791-E61D-500E-B34D0B9EFAB0}
		{81BFA88D-48B7-00F3-8639-9F1391573225} = {1086AC71-8E17-A84F-5000-4F1F60B6B094}
		{295FCC7A-9BDF-47ED-E41C-A8137BBF269D} = {81BFA88D-48B7-00F3-8639-9F1391573225}
		{5FB68353-AB8E-46BF-AA46-22978828DBE4} = {295FCC7A-9BDF-47ED-E41C-A8137BBF269D}
		{A9C22D7C-33B8-CEF2-BF44-9442F57B4C4E} = {81BFA88D-48B7-00F3-8639-9F1391573225}
		{D96B0C4F-36BA-4C45-A29C-02D090AD1152} = {A9C22D7C-33B8-CEF2-BF44-9442F57B4C4E}
		{E4F20ECB-0FAA-4CB3-E78E-480052BDFED1} = {3F6F3E9A-C37E-CB8C-CB9C-48CD293480E5}
		{D5276C80-9120-B072-6A3B-5B7A018E439D} = {E4F20ECB-0FAA-4CB3-E78E-480052BDFED1}
		{F85F0E7B-87CE-38C8-B321-129244B19096} = {D5276C80-9120-B072-6A3B-5B7A018E439D}
		{A5993A34-8EBF-3FC6-D98D-3DCA23D970D1} = {F85F0E7B-87CE-38C8-B321-129244B19096}
		{47B66FE7-76A1-483A-8350-E0B2EEA700DD} = {A5993A34-8EBF-3FC6-D98D-3DCA23D970D1}
		{CFABAF2B-ED8B-57BB-A819-1F9C9483B849} = {E4F20ECB-0FAA-4CB3-E78E-480052BDFED1}
		{3D5A9249-0ABC-B571-51D1-1A0AC964F38A} = {CFABAF2B-ED8B-57BB-A819-1F9C9483B849}
		{D6F7216C-7765-ACA1-496D-968A1D6DEA57} = {3D5A9249-0ABC-B571-51D1-1A0AC964F38A}
		{04A22368-8B8A-4580-887C-14A3CF5419F7} = {D6F7216C-7765-ACA1-496D-968A1D6DEA57}
		{FF758996-9FB5-9D7E-AC39-644E4D57727C} = {3F6F3E9A-C37E-CB8C-CB9C-48CD293480E5}
		{0E64C283-0C41-6898-D673-6868DA0F1CDF} = {FF758996-9FB5-9D7E-AC39-644E4D57727C}
		{A75772AB-7E7A-0F59-E071-0CFB9B47189E} = {0E64C283-0C41-6898-D673-6868DA0F1CDF}
		{758BA19E-BC94-5225-9A24-3832E10E704B} = {A75772AB-7E7A-0F59-E071-0CFB9B47189E}
		{B8DBB2A7-AF90-423B-8A9F-634C161EC6EE} = {758BA19E-BC94-5225-9A24-3832E10E704B}
		{1C911060-CDFB-FA80-D824-238A9CD62B66} = {A75772AB-7E7A-0F59-E071-0CFB9B47189E}
		{48B20E3B-2523-47B3-8960-3469B0EC5066} = {1C911060-CDFB-FA80-D824-238A9CD62B66}
		{FE13016E-D826-04F0-245C-5811BDA4D0D8} = {FF758996-9FB5-9D7E-AC39-644E4D57727C}
		{1BE2460D-6CF0-0B41-83E0-8615F957975D} = {FE13016E-D826-04F0-245C-5811BDA4D0D8}
		{ACB70249-B640-9F96-D3B9-61F87C090299} = {1BE2460D-6CF0-0B41-83E0-8615F957975D}
		{D87AD75E-1707-41B6-9A77-0C77C3EC32C9} = {ACB70249-B640-9F96-D3B9-61F87C090299}
		{A902A75B-0372-61FF-00CD-9B6496D1496D} = {1BE2460D-6CF0-0B41-83E0-8615F957975D}
		{E8718746-76E6-4876-9AFA-05DB8FD9F13A} = {A902A75B-0372-61FF-00CD-9B6496D1496D}
	EndGlobalSection
EndGlobal
